
Microsoft Visual Studio Solution File, Format Version 12.00
# Visual Studio Version 16
VisualStudioVersion = 16.0.31613.86
MinimumVisualStudioVersion = 10.0.40219.1
Project("{FAE04EC0-301F-11D3-BF4B-00C04F79EFBC}") = "AspDotNetLab2", "AspDotNetLab2\AspDotNetLab2.csproj", "{DC2B91E2-6B14-4678-B6FA-07BC13B1B2FB}"
EndProject
Global
	GlobalSection(SolutionConfigurationPlatforms) = preSolution
		Debug|Any CPU = Debug|Any CPU
		Release|Any CPU = Release|Any CPU
	EndGlobalSection
	GlobalSection(ProjectConfigurationPlatforms) = postSolution
		{DC2B91E2-6B14-4678-B6FA-07BC13B1B2FB}.Debug|Any CPU.ActiveCfg = Debug|Any CPU
		{DC2B91E2-6B14-4678-B6FA-07BC13B1B2FB}.Debug|Any CPU.Build.0 = Debug|Any CPU
		{DC2B91E2-6B14-4678-B6FA-07BC13B1B2FB}.Release|Any CPU.ActiveCfg = Release|Any CPU
		{DC2B91E2-6B14-4678-B6FA-07BC13B1B2FB}.Release|Any CPU.Build.0 = Release|Any CPU
	EndGlobalSection
	GlobalSection(SolutionProperties) = preSolution
		HideSolutionNode = FALSE
	EndGlobalSection
	GlobalSection(ExtensibilityGlobals) = postSolution
		SolutionGuid = {9DBE9A93-40E0-4B92-8284-ADAB3496F4B8}
	EndGlobalSection
EndGlobal
